
Microsoft Visual Studio Solution File, Format Version 12.00
Project("{FAE04EC0-301F-11D3-BF4B-00C04F79EFBC}") = "pp_sytnyk_labs", "pp_sytnyk_labs\pp_sytnyk_labs.csproj", "{64C26C47-0C08-42FD-ACFA-5C0C596F0EAE}"
EndProject
Global
	GlobalSection(SolutionConfigurationPlatforms) = preSolution
		Debug|Any CPU = Debug|Any CPU
		Release|Any CPU = Release|Any CPU
	EndGlobalSection
	GlobalSection(ProjectConfigurationPlatforms) = postSolution
		{64C26C47-0C08-42FD-ACFA-5C0C596F0EAE}.Debug|Any CPU.ActiveCfg = Debug|Any CPU
		{64C26C47-0C08-42FD-ACFA-5C0C596F0EAE}.Debug|Any CPU.Build.0 = Debug|Any CPU
		{64C26C47-0C08-42FD-ACFA-5C0C596F0EAE}.Release|Any CPU.ActiveCfg = Release|Any CPU
		{64C26C47-0C08-42FD-ACFA-5C0C596F0EAE}.Release|Any CPU.Build.0 = Release|Any CPU
	EndGlobalSection
EndGlobal
